
Microsoft Visual Studio Solution File, Format Version 12.00
# Visual Studio Version 16
VisualStudioVersion = 16.0.29503.13
MinimumVisualStudioVersion = 10.0.40219.1
Project("{FAE04EC0-301F-11D3-BF4B-00C04F79EFBC}") = "BlockingCollection1", "BlockingCollection1.csproj", "{055F2A7B-F38A-4F3A-8FEF-C0FDDE7D6040}"
EndProject
Global
	GlobalSection(SolutionConfigurationPlatforms) = preSolution
		Debug|Any CPU = Debug|Any CPU
		Release|Any CPU = Release|Any CPU
	EndGlobalSection
	GlobalSection(ProjectConfigurationPlatforms) = postSolution
		{055F2A7B-F38A-4F3A-8FEF-C0FDDE7D6040}.Debug|Any CPU.ActiveCfg = Debug|Any CPU
		{055F2A7B-F38A-4F3A-8FEF-C0FDDE7D6040}.Debug|Any CPU.Build.0 = Debug|Any CPU
		{055F2A7B-F38A-4F3A-8FEF-C0FDDE7D6040}.Release|Any CPU.ActiveCfg = Release|Any CPU
		{055F2A7B-F38A-4F3A-8FEF-C0FDDE7D6040}.Release|Any CPU.Build.0 = Release|Any CPU
	EndGlobalSection
	GlobalSection(SolutionProperties) = preSolution
		HideSolutionNode = FALSE
	EndGlobalSection
	GlobalSection(ExtensibilityGlobals) = postSolution
		SolutionGuid = {5D8938C4-EB01-44D3-8A3C-93A7304F505C}
	EndGlobalSection
EndGlobal
