
Microsoft Visual Studio Solution File, Format Version 12.00
# Visual Studio Version 16
VisualStudioVersion = 16.0.29503.13
MinimumVisualStudioVersion = 10.0.40219.1
Project("{FAE04EC0-301F-11D3-BF4B-00C04F79EFBC}") = "BlockingCollection5", "BlockingCollection5.csproj", "{30D34DAF-FB35-460E-B18A-6DF829CC79F6}"
EndProject
Global
	GlobalSection(SolutionConfigurationPlatforms) = preSolution
		Debug|Any CPU = Debug|Any CPU
		Release|Any CPU = Release|Any CPU
	EndGlobalSection
	GlobalSection(ProjectConfigurationPlatforms) = postSolution
		{30D34DAF-FB35-460E-B18A-6DF829CC79F6}.Debug|Any CPU.ActiveCfg = Debug|Any CPU
		{30D34DAF-FB35-460E-B18A-6DF829CC79F6}.Debug|Any CPU.Build.0 = Debug|Any CPU
		{30D34DAF-FB35-460E-B18A-6DF829CC79F6}.Release|Any CPU.ActiveCfg = Release|Any CPU
		{30D34DAF-FB35-460E-B18A-6DF829CC79F6}.Release|Any CPU.Build.0 = Release|Any CPU
	EndGlobalSection
	GlobalSection(SolutionProperties) = preSolution
		HideSolutionNode = FALSE
	EndGlobalSection
	GlobalSection(ExtensibilityGlobals) = postSolution
		SolutionGuid = {A4BDC12F-41B3-4319-A8F1-1F3ED9924217}
	EndGlobalSection
EndGlobal
