
Microsoft Visual Studio Solution File, Format Version 12.00
# Visual Studio Version 16
VisualStudioVersion = 16.0.29503.13
MinimumVisualStudioVersion = 10.0.40219.1
Project("{FAE04EC0-301F-11D3-BF4B-00C04F79EFBC}") = "StreamReader4", "StreamReader4.csproj", "{4DDB7147-481C-4E0A-AA94-B1437E9A85F1}"
EndProject
Global
	GlobalSection(SolutionConfigurationPlatforms) = preSolution
		Debug|Any CPU = Debug|Any CPU
		Release|Any CPU = Release|Any CPU
	EndGlobalSection
	GlobalSection(ProjectConfigurationPlatforms) = postSolution
		{4DDB7147-481C-4E0A-AA94-B1437E9A85F1}.Debug|Any CPU.ActiveCfg = Debug|Any CPU
		{4DDB7147-481C-4E0A-AA94-B1437E9A85F1}.Debug|Any CPU.Build.0 = Debug|Any CPU
		{4DDB7147-481C-4E0A-AA94-B1437E9A85F1}.Release|Any CPU.ActiveCfg = Release|Any CPU
		{4DDB7147-481C-4E0A-AA94-B1437E9A85F1}.Release|Any CPU.Build.0 = Release|Any CPU
	EndGlobalSection
	GlobalSection(SolutionProperties) = preSolution
		HideSolutionNode = FALSE
	EndGlobalSection
	GlobalSection(ExtensibilityGlobals) = postSolution
		SolutionGuid = {A618E407-24A0-4931-8358-B58DE86FB495}
	EndGlobalSection
EndGlobal
