
Microsoft Visual Studio Solution File, Format Version 12.00
# Visual Studio Version 16
VisualStudioVersion = 16.0.29503.13
MinimumVisualStudioVersion = 10.0.40219.1
Project("{FAE04EC0-301F-11D3-BF4B-00C04F79EFBC}") = "ConcurrentDictionary2", "ConcurrentDictionary2.csproj", "{A3D8F5D9-A593-4407-966A-97576B77384E}"
EndProject
Global
	GlobalSection(SolutionConfigurationPlatforms) = preSolution
		Debug|Any CPU = Debug|Any CPU
		Release|Any CPU = Release|Any CPU
	EndGlobalSection
	GlobalSection(ProjectConfigurationPlatforms) = postSolution
		{A3D8F5D9-A593-4407-966A-97576B77384E}.Debug|Any CPU.ActiveCfg = Debug|Any CPU
		{A3D8F5D9-A593-4407-966A-97576B77384E}.Debug|Any CPU.Build.0 = Debug|Any CPU
		{A3D8F5D9-A593-4407-966A-97576B77384E}.Release|Any CPU.ActiveCfg = Release|Any CPU
		{A3D8F5D9-A593-4407-966A-97576B77384E}.Release|Any CPU.Build.0 = Release|Any CPU
	EndGlobalSection
	GlobalSection(SolutionProperties) = preSolution
		HideSolutionNode = FALSE
	EndGlobalSection
	GlobalSection(ExtensibilityGlobals) = postSolution
		SolutionGuid = {B01DECCC-67EE-41A7-87BE-33F5962CA76B}
	EndGlobalSection
EndGlobal
