
Microsoft Visual Studio Solution File, Format Version 12.00
# Visual Studio Version 16
VisualStudioVersion = 16.0.29503.13
MinimumVisualStudioVersion = 10.0.40219.1
Project("{FAE04EC0-301F-11D3-BF4B-00C04F79EFBC}") = "StreamReader3", "StreamReader3.csproj", "{1046B5DA-E644-488F-A7B7-D4D4AE1CEE49}"
EndProject
Global
	GlobalSection(SolutionConfigurationPlatforms) = preSolution
		Debug|Any CPU = Debug|Any CPU
		Release|Any CPU = Release|Any CPU
	EndGlobalSection
	GlobalSection(ProjectConfigurationPlatforms) = postSolution
		{1046B5DA-E644-488F-A7B7-D4D4AE1CEE49}.Debug|Any CPU.ActiveCfg = Debug|Any CPU
		{1046B5DA-E644-488F-A7B7-D4D4AE1CEE49}.Debug|Any CPU.Build.0 = Debug|Any CPU
		{1046B5DA-E644-488F-A7B7-D4D4AE1CEE49}.Release|Any CPU.ActiveCfg = Release|Any CPU
		{1046B5DA-E644-488F-A7B7-D4D4AE1CEE49}.Release|Any CPU.Build.0 = Release|Any CPU
	EndGlobalSection
	GlobalSection(SolutionProperties) = preSolution
		HideSolutionNode = FALSE
	EndGlobalSection
	GlobalSection(ExtensibilityGlobals) = postSolution
		SolutionGuid = {7232FDA3-9F96-4A6B-8DC7-1EAA46E0F396}
	EndGlobalSection
EndGlobal
