
Microsoft Visual Studio Solution File, Format Version 12.00
# Visual Studio Version 16
VisualStudioVersion = 16.0.29503.13
MinimumVisualStudioVersion = 10.0.40219.1
Project("{FAE04EC0-301F-11D3-BF4B-00C04F79EFBC}") = "SwSr", "SwSr.csproj", "{81BAD5F1-D992-472B-840C-E3E81FE94BB9}"
EndProject
Global
	GlobalSection(SolutionConfigurationPlatforms) = preSolution
		Debug|Any CPU = Debug|Any CPU
		Release|Any CPU = Release|Any CPU
	EndGlobalSection
	GlobalSection(ProjectConfigurationPlatforms) = postSolution
		{81BAD5F1-D992-472B-840C-E3E81FE94BB9}.Debug|Any CPU.ActiveCfg = Debug|Any CPU
		{81BAD5F1-D992-472B-840C-E3E81FE94BB9}.Debug|Any CPU.Build.0 = Debug|Any CPU
		{81BAD5F1-D992-472B-840C-E3E81FE94BB9}.Release|Any CPU.ActiveCfg = Release|Any CPU
		{81BAD5F1-D992-472B-840C-E3E81FE94BB9}.Release|Any CPU.Build.0 = Release|Any CPU
	EndGlobalSection
	GlobalSection(SolutionProperties) = preSolution
		HideSolutionNode = FALSE
	EndGlobalSection
	GlobalSection(ExtensibilityGlobals) = postSolution
		SolutionGuid = {2470A7AA-51AA-4849-84DE-999FB2967699}
	EndGlobalSection
EndGlobal
