
Microsoft Visual Studio Solution File, Format Version 12.00
# Visual Studio Version 16
VisualStudioVersion = 16.0.29503.13
MinimumVisualStudioVersion = 10.0.40219.1
Project("{FAE04EC0-301F-11D3-BF4B-00C04F79EFBC}") = "TextWriter1", "TextWriter1.csproj", "{BE3B6BDB-771B-4AF5-A87D-B98B6165E8AD}"
EndProject
Global
	GlobalSection(SolutionConfigurationPlatforms) = preSolution
		Debug|Any CPU = Debug|Any CPU
		Release|Any CPU = Release|Any CPU
	EndGlobalSection
	GlobalSection(ProjectConfigurationPlatforms) = postSolution
		{BE3B6BDB-771B-4AF5-A87D-B98B6165E8AD}.Debug|Any CPU.ActiveCfg = Debug|Any CPU
		{BE3B6BDB-771B-4AF5-A87D-B98B6165E8AD}.Debug|Any CPU.Build.0 = Debug|Any CPU
		{BE3B6BDB-771B-4AF5-A87D-B98B6165E8AD}.Release|Any CPU.ActiveCfg = Release|Any CPU
		{BE3B6BDB-771B-4AF5-A87D-B98B6165E8AD}.Release|Any CPU.Build.0 = Release|Any CPU
	EndGlobalSection
	GlobalSection(SolutionProperties) = preSolution
		HideSolutionNode = FALSE
	EndGlobalSection
	GlobalSection(ExtensibilityGlobals) = postSolution
		SolutionGuid = {26E22E82-61C0-4443-9665-830E17CD788A}
	EndGlobalSection
EndGlobal
