
Microsoft Visual Studio Solution File, Format Version 12.00
# Visual Studio Version 16
VisualStudioVersion = 16.0.29503.13
MinimumVisualStudioVersion = 10.0.40219.1
Project("{FAE04EC0-301F-11D3-BF4B-00C04F79EFBC}") = "BlockingCollection3", "BlockingCollection3.csproj", "{0691C2C0-4383-43B4-946B-01B0C6B9FD95}"
EndProject
Global
	GlobalSection(SolutionConfigurationPlatforms) = preSolution
		Debug|Any CPU = Debug|Any CPU
		Release|Any CPU = Release|Any CPU
	EndGlobalSection
	GlobalSection(ProjectConfigurationPlatforms) = postSolution
		{0691C2C0-4383-43B4-946B-01B0C6B9FD95}.Debug|Any CPU.ActiveCfg = Debug|Any CPU
		{0691C2C0-4383-43B4-946B-01B0C6B9FD95}.Debug|Any CPU.Build.0 = Debug|Any CPU
		{0691C2C0-4383-43B4-946B-01B0C6B9FD95}.Release|Any CPU.ActiveCfg = Release|Any CPU
		{0691C2C0-4383-43B4-946B-01B0C6B9FD95}.Release|Any CPU.Build.0 = Release|Any CPU
	EndGlobalSection
	GlobalSection(SolutionProperties) = preSolution
		HideSolutionNode = FALSE
	EndGlobalSection
	GlobalSection(ExtensibilityGlobals) = postSolution
		SolutionGuid = {70081A44-B3DD-4751-87F6-94336BA15F72}
	EndGlobalSection
EndGlobal
