
Microsoft Visual Studio Solution File, Format Version 12.00
# Visual Studio Version 16
VisualStudioVersion = 16.0.29503.13
MinimumVisualStudioVersion = 10.0.40219.1
Project("{FAE04EC0-301F-11D3-BF4B-00C04F79EFBC}") = "ThreadPool", "ThreadPool.csproj", "{5A766284-5E19-45F0-895D-786FDE399F33}"
EndProject
Global
	GlobalSection(SolutionConfigurationPlatforms) = preSolution
		Debug|Any CPU = Debug|Any CPU
		Release|Any CPU = Release|Any CPU
	EndGlobalSection
	GlobalSection(ProjectConfigurationPlatforms) = postSolution
		{5A766284-5E19-45F0-895D-786FDE399F33}.Debug|Any CPU.ActiveCfg = Debug|Any CPU
		{5A766284-5E19-45F0-895D-786FDE399F33}.Debug|Any CPU.Build.0 = Debug|Any CPU
		{5A766284-5E19-45F0-895D-786FDE399F33}.Release|Any CPU.ActiveCfg = Release|Any CPU
		{5A766284-5E19-45F0-895D-786FDE399F33}.Release|Any CPU.Build.0 = Release|Any CPU
	EndGlobalSection
	GlobalSection(SolutionProperties) = preSolution
		HideSolutionNode = FALSE
	EndGlobalSection
	GlobalSection(ExtensibilityGlobals) = postSolution
		SolutionGuid = {1EEADF25-CF67-4D5E-B77E-1362166E61A6}
	EndGlobalSection
EndGlobal
